
Microsoft Visual Studio Solution File, Format Version 12.00
# Visual Studio Version 16
VisualStudioVersion = 16.0.34031.81
MinimumVisualStudioVersion = 10.0.40219.1
Project("{8BC9CEB8-8B4A-11D0-8D11-00A0C91BC942}") = "Project9.3", "Project9.3\Project9.3.vcxproj", "{0FCC839F-E8FF-4308-92CC-4E664CC74FC0}"
EndProject
Project("{8BC9CEB8-8B4A-11D0-8D11-00A0C91BC942}") = "UnitTest9.3", "UnitTest9.3\UnitTest9.3.vcxproj", "{F29BD608-8BEB-4021-9667-5F70D0A9736B}"
EndProject
Global
	GlobalSection(SolutionConfigurationPlatforms) = preSolution
		Debug|x64 = Debug|x64
		Debug|x86 = Debug|x86
		Release|x64 = Release|x64
		Release|x86 = Release|x86
	EndGlobalSection
	GlobalSection(ProjectConfigurationPlatforms) = postSolution
		{0FCC839F-E8FF-4308-92CC-4E664CC74FC0}.Debug|x64.ActiveCfg = Debug|x64
		{0FCC839F-E8FF-4308-92CC-4E664CC74FC0}.Debug|x64.Build.0 = Debug|x64
		{0FCC839F-E8FF-4308-92CC-4E664CC74FC0}.Debug|x86.ActiveCfg = Debug|Win32
		{0FCC839F-E8FF-4308-92CC-4E664CC74FC0}.Debug|x86.Build.0 = Debug|Win32
		{0FCC839F-E8FF-4308-92CC-4E664CC74FC0}.Release|x64.ActiveCfg = Release|x64
		{0FCC839F-E8FF-4308-92CC-4E664CC74FC0}.Release|x64.Build.0 = Release|x64
		{0FCC839F-E8FF-4308-92CC-4E664CC74FC0}.Release|x86.ActiveCfg = Release|Win32
		{0FCC839F-E8FF-4308-92CC-4E664CC74FC0}.Release|x86.Build.0 = Release|Win32
		{F29BD608-8BEB-4021-9667-5F70D0A9736B}.Debug|x64.ActiveCfg = Debug|x64
		{F29BD608-8BEB-4021-9667-5F70D0A9736B}.Debug|x64.Build.0 = Debug|x64
		{F29BD608-8BEB-4021-9667-5F70D0A9736B}.Debug|x86.ActiveCfg = Debug|Win32
		{F29BD608-8BEB-4021-9667-5F70D0A9736B}.Debug|x86.Build.0 = Debug|Win32
		{F29BD608-8BEB-4021-9667-5F70D0A9736B}.Release|x64.ActiveCfg = Release|x64
		{F29BD608-8BEB-4021-9667-5F70D0A9736B}.Release|x64.Build.0 = Release|x64
		{F29BD608-8BEB-4021-9667-5F70D0A9736B}.Release|x86.ActiveCfg = Release|Win32
		{F29BD608-8BEB-4021-9667-5F70D0A9736B}.Release|x86.Build.0 = Release|Win32
	EndGlobalSection
	GlobalSection(SolutionProperties) = preSolution
		HideSolutionNode = FALSE
	EndGlobalSection
	GlobalSection(ExtensibilityGlobals) = postSolution
		SolutionGuid = {F902ACAD-D2C7-4C17-8CCE-874109D9F9BF}
	EndGlobalSection
EndGlobal
